
Microsoft Visual Studio Solution File, Format Version 12.00
# Visual Studio Version 16
VisualStudioVersion = 16.0.31105.61
MinimumVisualStudioVersion = 10.0.40219.1
Project("{6EC3EE1D-3C4E-46DD-8F32-0CC8E7565705}") = "MiscellaneousFunctions", "MiscellaneousFunctions.fsproj", "{3D3B1C1E-6434-4480-91F9-B440DCA19EEB}"
EndProject
Global
	GlobalSection(SolutionConfigurationPlatforms) = preSolution
		Debug|Any CPU = Debug|Any CPU
		Release|Any CPU = Release|Any CPU
	EndGlobalSection
	GlobalSection(ProjectConfigurationPlatforms) = postSolution
		{3D3B1C1E-6434-4480-91F9-B440DCA19EEB}.Debug|Any CPU.ActiveCfg = Debug|Any CPU
		{3D3B1C1E-6434-4480-91F9-B440DCA19EEB}.Debug|Any CPU.Build.0 = Debug|Any CPU
		{3D3B1C1E-6434-4480-91F9-B440DCA19EEB}.Release|Any CPU.ActiveCfg = Release|Any CPU
		{3D3B1C1E-6434-4480-91F9-B440DCA19EEB}.Release|Any CPU.Build.0 = Release|Any CPU
	EndGlobalSection
	GlobalSection(SolutionProperties) = preSolution
		HideSolutionNode = FALSE
	EndGlobalSection
	GlobalSection(ExtensibilityGlobals) = postSolution
		SolutionGuid = {C54E1633-5FAC-436D-BE03-FD57404AA90B}
	EndGlobalSection
EndGlobal
