
Microsoft Visual Studio Solution File, Format Version 12.00
# Visual Studio Version 16
VisualStudioVersion = 16.0.29728.190
MinimumVisualStudioVersion = 10.0.40219.1
Project("{FAE04EC0-301F-11D3-BF4B-00C04F79EFBC}") = "BlazorApp2", "BlazorApp2.csproj", "{35AC3EDD-F0E7-4FFE-8838-CF5573B78FBF}"
EndProject
Global
	GlobalSection(SolutionConfigurationPlatforms) = preSolution
		Debug|Any CPU = Debug|Any CPU
		Release|Any CPU = Release|Any CPU
	EndGlobalSection
	GlobalSection(ProjectConfigurationPlatforms) = postSolution
		{35AC3EDD-F0E7-4FFE-8838-CF5573B78FBF}.Debug|Any CPU.ActiveCfg = Debug|Any CPU
		{35AC3EDD-F0E7-4FFE-8838-CF5573B78FBF}.Debug|Any CPU.Build.0 = Debug|Any CPU
		{35AC3EDD-F0E7-4FFE-8838-CF5573B78FBF}.Release|Any CPU.ActiveCfg = Release|Any CPU
		{35AC3EDD-F0E7-4FFE-8838-CF5573B78FBF}.Release|Any CPU.Build.0 = Release|Any CPU
	EndGlobalSection
	GlobalSection(SolutionProperties) = preSolution
		HideSolutionNode = FALSE
	EndGlobalSection
	GlobalSection(ExtensibilityGlobals) = postSolution
		SolutionGuid = {7448893C-F57D-4251-8822-BAF07A8F011E}
	EndGlobalSection
EndGlobal
