
Microsoft Visual Studio Solution File, Format Version 12.00
# Visual Studio Version 16
VisualStudioVersion = 16.0.29728.190
MinimumVisualStudioVersion = 10.0.40219.1
Project("{FAE04EC0-301F-11D3-BF4B-00C04F79EFBC}") = "ChartTest1", "ChartTest1.csproj", "{DC1F0D2F-7238-4A42-BF92-150858573506}"
EndProject
Global
	GlobalSection(SolutionConfigurationPlatforms) = preSolution
		Debug|Any CPU = Debug|Any CPU
		Release|Any CPU = Release|Any CPU
	EndGlobalSection
	GlobalSection(ProjectConfigurationPlatforms) = postSolution
		{DC1F0D2F-7238-4A42-BF92-150858573506}.Debug|Any CPU.ActiveCfg = Debug|Any CPU
		{DC1F0D2F-7238-4A42-BF92-150858573506}.Debug|Any CPU.Build.0 = Debug|Any CPU
		{DC1F0D2F-7238-4A42-BF92-150858573506}.Release|Any CPU.ActiveCfg = Release|Any CPU
		{DC1F0D2F-7238-4A42-BF92-150858573506}.Release|Any CPU.Build.0 = Release|Any CPU
	EndGlobalSection
	GlobalSection(SolutionProperties) = preSolution
		HideSolutionNode = FALSE
	EndGlobalSection
	GlobalSection(ExtensibilityGlobals) = postSolution
		SolutionGuid = {AA510E6E-B699-45F1-893E-15B26ED18A93}
	EndGlobalSection
EndGlobal
