
Microsoft Visual Studio Solution File, Format Version 12.00
# Visual Studio Version 16
VisualStudioVersion = 16.0.29613.14
MinimumVisualStudioVersion = 10.0.40219.1
Project("{FAE04EC0-301F-11D3-BF4B-00C04F79EFBC}") = "DataSynch", "DataSynch\DataSynch.csproj", "{ED7688AD-D90B-4A03-BAB8-6C1DFB558E3A}"
EndProject
Global
	GlobalSection(SolutionConfigurationPlatforms) = preSolution
		Debug|Any CPU = Debug|Any CPU
		Release|Any CPU = Release|Any CPU
		x64|Any CPU = x64|Any CPU
	EndGlobalSection
	GlobalSection(ProjectConfigurationPlatforms) = postSolution
		{ED7688AD-D90B-4A03-BAB8-6C1DFB558E3A}.Debug|Any CPU.ActiveCfg = Debug|Any CPU
		{ED7688AD-D90B-4A03-BAB8-6C1DFB558E3A}.Debug|Any CPU.Build.0 = Debug|Any CPU
		{ED7688AD-D90B-4A03-BAB8-6C1DFB558E3A}.Release|Any CPU.ActiveCfg = Release|Any CPU
		{ED7688AD-D90B-4A03-BAB8-6C1DFB558E3A}.Release|Any CPU.Build.0 = Release|Any CPU
		{ED7688AD-D90B-4A03-BAB8-6C1DFB558E3A}.x64|Any CPU.ActiveCfg = x64|x64
		{ED7688AD-D90B-4A03-BAB8-6C1DFB558E3A}.x64|Any CPU.Build.0 = x64|x64
	EndGlobalSection
	GlobalSection(SolutionProperties) = preSolution
		HideSolutionNode = FALSE
	EndGlobalSection
	GlobalSection(ExtensibilityGlobals) = postSolution
		SolutionGuid = {1AE65D72-3AAA-4091-910A-AFDF9A1E25D3}
	EndGlobalSection
EndGlobal
